
Microsoft Visual Studio Solution File, Format Version 12.00
# Visual Studio 15
VisualStudioVersion = 15.0.27130.2010
MinimumVisualStudioVersion = 10.0.40219.1
Project("{FAE04EC0-301F-11D3-BF4B-00C04F79EFBC}") = "Protocol", "Protocol\Protocol.csproj", "{21550376-A384-4BEE-8AD2-5615EE958D13}"
EndProject
Project("{FAE04EC0-301F-11D3-BF4B-00C04F79EFBC}") = "TestDll", "TestDll\TestDll.csproj", "{E18E2DC1-8603-4B25-9417-BEB7A2793596}"
EndProject
Project("{FAE04EC0-301F-11D3-BF4B-00C04F79EFBC}") = "delegateTest", "delegateTest\delegateTest.csproj", "{92421FA3-139E-460F-8AEF-40D8F0907569}"
EndProject
Project("{FAE04EC0-301F-11D3-BF4B-00C04F79EFBC}") = "ConsoleApp1", "ConsoleApp1\ConsoleApp1.csproj", "{E0765D04-4992-4923-A9E6-C9CB412682A4}"
EndProject
Global
	GlobalSection(SolutionConfigurationPlatforms) = preSolution
		Debug|Any CPU = Debug|Any CPU
		Release|Any CPU = Release|Any CPU
	EndGlobalSection
	GlobalSection(ProjectConfigurationPlatforms) = postSolution
		{21550376-A384-4BEE-8AD2-5615EE958D13}.Debug|Any CPU.ActiveCfg = Debug|Any CPU
		{21550376-A384-4BEE-8AD2-5615EE958D13}.Debug|Any CPU.Build.0 = Debug|Any CPU
		{21550376-A384-4BEE-8AD2-5615EE958D13}.Release|Any CPU.ActiveCfg = Release|Any CPU
		{21550376-A384-4BEE-8AD2-5615EE958D13}.Release|Any CPU.Build.0 = Release|Any CPU
		{E18E2DC1-8603-4B25-9417-BEB7A2793596}.Debug|Any CPU.ActiveCfg = Debug|Any CPU
		{E18E2DC1-8603-4B25-9417-BEB7A2793596}.Debug|Any CPU.Build.0 = Debug|Any CPU
		{E18E2DC1-8603-4B25-9417-BEB7A2793596}.Release|Any CPU.ActiveCfg = Release|Any CPU
		{E18E2DC1-8603-4B25-9417-BEB7A2793596}.Release|Any CPU.Build.0 = Release|Any CPU
		{92421FA3-139E-460F-8AEF-40D8F0907569}.Debug|Any CPU.ActiveCfg = Debug|Any CPU
		{92421FA3-139E-460F-8AEF-40D8F0907569}.Debug|Any CPU.Build.0 = Debug|Any CPU
		{92421FA3-139E-460F-8AEF-40D8F0907569}.Release|Any CPU.ActiveCfg = Release|Any CPU
		{92421FA3-139E-460F-8AEF-40D8F0907569}.Release|Any CPU.Build.0 = Release|Any CPU
		{E0765D04-4992-4923-A9E6-C9CB412682A4}.Debug|Any CPU.ActiveCfg = Debug|Any CPU
		{E0765D04-4992-4923-A9E6-C9CB412682A4}.Debug|Any CPU.Build.0 = Debug|Any CPU
		{E0765D04-4992-4923-A9E6-C9CB412682A4}.Release|Any CPU.ActiveCfg = Release|Any CPU
		{E0765D04-4992-4923-A9E6-C9CB412682A4}.Release|Any CPU.Build.0 = Release|Any CPU
	EndGlobalSection
	GlobalSection(SolutionProperties) = preSolution
		HideSolutionNode = FALSE
	EndGlobalSection
	GlobalSection(ExtensibilityGlobals) = postSolution
		SolutionGuid = {457F9630-F729-4571-ACB2-D0BC2A3F8137}
	EndGlobalSection
EndGlobal
